PODS:
  - Capacitor (8.0.2):
    - CapacitorCordova
  - CapacitorCordova (8.0.2)
  - CapacitorPreferences (8.0.1):
    - Capacitor

DEPENDENCIES:
  - "Capacitor (from `../../node_modules/@capacitor/ios`)"
  - "CapacitorCordova (from `../../node_modules/@capacitor/ios`)"
  - "CapacitorPreferences (from `../../node_modules/@capacitor/preferences`)"

EXTERNAL SOURCES:
  Capacitor:
    :path: "../../node_modules/@capacitor/ios"
  CapacitorCordova:
    :path: "../../node_modules/@capacitor/ios"
  CapacitorPreferences:
    :path: "../../node_modules/@capacitor/preferences"

SPEC CHECKSUMS:
  Capacitor: 2b79172ad27f3be2d103cce88b8eb9803fdcc744
  CapacitorCordova: 921bdb690ebe82421b24fce45552fd3dea2ae43a
  CapacitorPreferences: cca2021f386efb75947c850334447d9ff22b14f1

PODFILE CHECKSUM: 6b4dcd2de2bc29276e458998975dc7753ecd422b

COCOAPODS: 1.16.2
